// !$*UTF8*$!
{
	archiveVersion = 1;
	classes = {
	};
	objectVersion = 56;
	objects = {

/* Begin PBXBuildFile section */
		54072C572B88ECB1000C2013 /* ChatListRow.swift in Sources */ = {isa = PBXBuildFile; fileRef = 54072C562B88ECB1000C2013 /* ChatListRow.swift */; };
		540F11DE2B8CEECE0051731E /* CacheService.swift in Sources */ = {isa = PBXBuildFile; fileRef = 540F11DD2B8CEECE0051731E /* CacheService.swift */; };
		5410AE0D2B82F08B000B7250 /* RoundCornerExt.swift in Sources */ = {isa = PBXBuildFile; fileRef = 5410AE0C2B82F08B000B7250 /* RoundCornerExt.swift */; };
		5410AE0F2B83100E000B7250 /* Chat.swift in Sources */ = {isa = PBXBuildFile; fileRef = 5410AE0E2B83100E000B7250 /* Chat.swift */; };
		5410AE112B8311B3000B7250 /* ChatViewModel.swift in Sources */ = {isa = PBXBuildFile; fileRef = 5410AE102B8311B3000B7250 /* ChatViewModel.swift */; };
		5437AAA12B7E6D92009C90EE /* ConversationView.swift in Sources */ = {isa = PBXBuildFile; fileRef = 5437AAA02B7E6D92009C90EE /* ConversationView.swift */; };
		5437AAA42B7E716C009C90EE /* ProfilePicView.swift in Sources */ = {isa = PBXBuildFile; fileRef = 5437AAA32B7E716C009C90EE /* ProfilePicView.swift */; };
		5452F7012B729F62007611D9 /* ImagePicker.swift in Sources */ = {isa = PBXBuildFile; fileRef = 5452F7002B729F62007611D9 /* ImagePicker.swift */; };
		5452F7052B72F2C2007611D9 /* ContactsListView.swift in Sources */ = {isa = PBXBuildFile; fileRef = 5452F7042B72F2C2007611D9 /* ContactsListView.swift */; };
		5452F7072B72F2D1007611D9 /* ChatsListView.swift in Sources */ = {isa = PBXBuildFile; fileRef = 5452F7062B72F2D1007611D9 /* ChatsListView.swift */; };
		5452F7092B7302FB007611D9 /* ContactRow.swift in Sources */ = {isa = PBXBuildFile; fileRef = 5452F7082B7302FB007611D9 /* ContactRow.swift */; };
		546F26BF2B71C1C100FED9C1 /* CWC_ChatAppApp.swift in Sources */ = {isa = PBXBuildFile; fileRef = 546F26BE2B71C1C100FED9C1 /* CWC_ChatAppApp.swift */; };
		546F26C12B71C1C100FED9C1 /* ContentView.swift in Sources */ = {isa = PBXBuildFile; fileRef = 546F26C02B71C1C100FED9C1 /* ContentView.swift */; };
		546F26C32B71C1C400FED9C1 /* Assets.xcassets in Resources */ = {isa = PBXBuildFile; fileRef = 546F26C22B71C1C400FED9C1 /* Assets.xcassets */; };
		546F26C62B71C1C400FED9C1 /* Preview Assets.xcassets in Resources */ = {isa = PBXBuildFile; fileRef = 546F26C52B71C1C400FED9C1 /* Preview Assets.xcassets */; };
		546F26D02B71C1C400FED9C1 /* CWC_ChatAppTests.swift in Sources */ = {isa = PBXBuildFile; fileRef = 546F26CF2B71C1C400FED9C1 /* CWC_ChatAppTests.swift */; };
		546F26DA2B71C1C400FED9C1 /* CWC_ChatAppUITests.swift in Sources */ = {isa = PBXBuildFile; fileRef = 546F26D92B71C1C400FED9C1 /* CWC_ChatAppUITests.swift */; };
		546F26DC2B71C1C400FED9C1 /* CWC_ChatAppUITestsLaunchTests.swift in Sources */ = {isa = PBXBuildFile; fileRef = 546F26DB2B71C1C400FED9C1 /* CWC_ChatAppUITestsLaunchTests.swift */; };
		546F26F92B71C96D00FED9C1 /* Fonts.swift in Sources */ = {isa = PBXBuildFile; fileRef = 546F26F82B71C96D00FED9C1 /* Fonts.swift */; };
		546F26FD2B71CC0900FED9C1 /* CustomTabBar.swift in Sources */ = {isa = PBXBuildFile; fileRef = 546F26FC2B71CC0900FED9C1 /* CustomTabBar.swift */; };
		546F26FF2B71D0C700FED9C1 /* CustomTabBarButton.swift in Sources */ = {isa = PBXBuildFile; fileRef = 546F26FE2B71D0C700FED9C1 /* CustomTabBarButton.swift */; };
		546F27062B71D3B600FED9C1 /* FirebaseAuth in Frameworks */ = {isa = PBXBuildFile; productRef = 546F27052B71D3B600FED9C1 /* FirebaseAuth */; };
		546F27082B71D3B600FED9C1 /* FirebaseFirestore in Frameworks */ = {isa = PBXBuildFile; productRef = 546F27072B71D3B600FED9C1 /* FirebaseFirestore */; };
		546F270A2B71D3B600FED9C1 /* FirebaseFirestoreSwift in Frameworks */ = {isa = PBXBuildFile; productRef = 546F27092B71D3B600FED9C1 /* FirebaseFirestoreSwift */; };
		546F270C2B71D3B600FED9C1 /* FirebaseStorage in Frameworks */ = {isa = PBXBuildFile; productRef = 546F270B2B71D3B600FED9C1 /* FirebaseStorage */; };
		546F270E2B71D3FA00FED9C1 /* AppDelegate.swift in Sources */ = {isa = PBXBuildFile; fileRef = 546F270D2B71D3FA00FED9C1 /* AppDelegate.swift */; };
		546F27122B71D5CD00FED9C1 /* LexendDeca-Bold.ttf in Resources */ = {isa = PBXBuildFile; fileRef = 546F270F2B71D5CD00FED9C1 /* LexendDeca-Bold.ttf */; };
		546F27132B71D5CD00FED9C1 /* LexendDeca-Regular.ttf in Resources */ = {isa = PBXBuildFile; fileRef = 546F27102B71D5CD00FED9C1 /* LexendDeca-Regular.ttf */; };
		546F27142B71D5CD00FED9C1 /* LexendDeca-SemiBold.ttf in Resources */ = {isa = PBXBuildFile; fileRef = 546F27112B71D5CD00FED9C1 /* LexendDeca-SemiBold.ttf */; };
		546F27182B71F00300FED9C1 /* GoogleService-Info.plist in Resources */ = {isa = PBXBuildFile; fileRef = 546F27172B71F00300FED9C1 /* GoogleService-Info.plist */; };
		546F271A2B71F21900FED9C1 /* AuthViewModel.swift in Sources */ = {isa = PBXBuildFile; fileRef = 546F27192B71F21900FED9C1 /* AuthViewModel.swift */; };
		546F271C2B71F3E300FED9C1 /* OnboardingContainerView.swift in Sources */ = {isa = PBXBuildFile; fileRef = 546F271B2B71F3E300FED9C1 /* OnboardingContainerView.swift */; };
		546F271E2B71F4DE00FED9C1 /* WelcomeView.swift in Sources */ = {isa = PBXBuildFile; fileRef = 546F271D2B71F4DE00FED9C1 /* WelcomeView.swift */; };
		546F27212B71F50000FED9C1 /* PhonenumberView.swift in Sources */ = {isa = PBXBuildFile; fileRef = 546F27202B71F50000FED9C1 /* PhonenumberView.swift */; };
		546F27232B71F50F00FED9C1 /* VerificationView.swift in Sources */ = {isa = PBXBuildFile; fileRef = 546F27222B71F50F00FED9C1 /* VerificationView.swift */; };
		546F27252B71F51E00FED9C1 /* CreateProfileView.swift in Sources */ = {isa = PBXBuildFile; fileRef = 546F27242B71F51E00FED9C1 /* CreateProfileView.swift */; };
		546F27272B71F52B00FED9C1 /* ContactsView.swift in Sources */ = {isa = PBXBuildFile; fileRef = 546F27262B71F52B00FED9C1 /* ContactsView.swift */; };
		546F27292B71F82D00FED9C1 /* OnBoardingButtonStyle.swift in Sources */ = {isa = PBXBuildFile; fileRef = 546F27282B71F82D00FED9C1 /* OnBoardingButtonStyle.swift */; };
		546F272B2B71FF7400FED9C1 /* CreateProfileTxtFieldStyle.swift in Sources */ = {isa = PBXBuildFile; fileRef = 546F272A2B71FF7400FED9C1 /* CreateProfileTxtFieldStyle.swift */; };
		546F272F2B7202B700FED9C1 /* ContactsViewModel.swift in Sources */ = {isa = PBXBuildFile; fileRef = 546F272E2B7202B700FED9C1 /* ContactsViewModel.swift */; };
		546F27312B72942800FED9C1 /* User.swift in Sources */ = {isa = PBXBuildFile; fileRef = 546F27302B72942800FED9C1 /* User.swift */; };
		546F27332B7294E800FED9C1 /* DatabaseService.swift in Sources */ = {isa = PBXBuildFile; fileRef = 546F27322B7294E800FED9C1 /* DatabaseService.swift */; };
		546F27352B7296BD00FED9C1 /* TextHelper.swift in Sources */ = {isa = PBXBuildFile; fileRef = 546F27342B7296BD00FED9C1 /* TextHelper.swift */; };
		54710E842B84FB2A0004D6AC /* DateHelper.swift in Sources */ = {isa = PBXBuildFile; fileRef = 54710E832B84FB2A0004D6AC /* DateHelper.swift */; };
		54C1C8DF2B9977BF00C7E273 /* ConversationTxtMssg.swift in Sources */ = {isa = PBXBuildFile; fileRef = 54C1C8DE2B9977BF00C7E273 /* ConversationTxtMssg.swift */; };
		54C1C8E12B99796C00C7E273 /* ConversationPhotoMssg.swift in Sources */ = {isa = PBXBuildFile; fileRef = 54C1C8E02B99796C00C7E273 /* ConversationPhotoMssg.swift */; };
/* End PBXBuildFile section */

/* Begin PBXContainerItemProxy section */
		546F26CC2B71C1C400FED9C1 /* PBXContainerItemProxy */ = {
			isa = PBXContainerItemProxy;
			containerPortal = 546F26B32B71C1C100FED9C1 /* Project object */;
			proxyType = 1;
			remoteGlobalIDString = 546F26BA2B71C1C100FED9C1;
			remoteInfo = CWC_ChatApp;
		};
		546F26D62B71C1C400FED9C1 /* PBXContainerItemProxy */ = {
			isa = PBXContainerItemProxy;
			containerPortal = 546F26B32B71C1C100FED9C1 /* Project object */;
			proxyType = 1;
			remoteGlobalIDString = 546F26BA2B71C1C100FED9C1;
			remoteInfo = CWC_ChatApp;
		};
/* End PBXContainerItemProxy section */

/* Begin PBXFileReference section */
		54072C562B88ECB1000C2013 /* ChatListRow.swift */ = {isa = PBXFileReference; lastKnownFileType = sourcecode.swift; path = ChatListRow.swift; sourceTree = "<group>"; };
		540F11DD2B8CEECE0051731E /* CacheService.swift */ = {isa = PBXFileReference; lastKnownFileType = sourcecode.swift; path = CacheService.swift; sourceTree = "<group>"; };
		5410AE0C2B82F08B000B7250 /* RoundCornerExt.swift */ = {isa = PBXFileReference; lastKnownFileType = sourcecode.swift; path = RoundCornerExt.swift; sourceTree = "<group>"; };
		5410AE0E2B83100E000B7250 /* Chat.swift */ = {isa = PBXFileReference; lastKnownFileType = sourcecode.swift; path = Chat.swift; sourceTree = "<group>"; };
		5410AE102B8311B3000B7250 /* ChatViewModel.swift */ = {isa = PBXFileReference; lastKnownFileType = sourcecode.swift; path = ChatViewModel.swift; sourceTree = "<group>"; };
		5437AAA02B7E6D92009C90EE /* ConversationView.swift */ = {isa = PBXFileReference; lastKnownFileType = sourcecode.swift; path = ConversationView.swift; sourceTree = "<group>"; };
		5437AAA32B7E716C009C90EE /* ProfilePicView.swift */ = {isa = PBXFileReference; lastKnownFileType = sourcecode.swift; path = ProfilePicView.swift; sourceTree = "<group>"; };
		5452F7002B729F62007611D9 /* ImagePicker.swift */ = {isa = PBXFileReference; lastKnownFileType = sourcecode.swift; path = ImagePicker.swift; sourceTree = "<group>"; };
		5452F7042B72F2C2007611D9 /* ContactsListView.swift */ = {isa = PBXFileReference; lastKnownFileType = sourcecode.swift; path = ContactsListView.swift; sourceTree = "<group>"; };
		5452F7062B72F2D1007611D9 /* ChatsListView.swift */ = {isa = PBXFileReference; lastKnownFileType = sourcecode.swift; path = ChatsListView.swift; sourceTree = "<group>"; };
		5452F7082B7302FB007611D9 /* ContactRow.swift */ = {isa = PBXFileReference; lastKnownFileType = sourcecode.swift; path = ContactRow.swift; sourceTree = "<group>"; };
		546F26BB2B71C1C100FED9C1 /* CWC_ChatApp.app */ = {isa = PBXFileReference; explicitFileType = wrapper.application; includeInIndex = 0; path = CWC_ChatApp.app; sourceTree = BUILT_PRODUCTS_DIR; };
		546F26BE2B71C1C100FED9C1 /* CWC_ChatAppApp.swift */ = {isa = PBXFileReference; lastKnownFileType = sourcecode.swift; path = CWC_ChatAppApp.swift; sourceTree = "<group>"; };
		546F26C02B71C1C100FED9C1 /* ContentView.swift */ = {isa = PBXFileReference; lastKnownFileType = sourcecode.swift; path = ContentView.swift; sourceTree = "<group>"; };
		546F26C22B71C1C400FED9C1 /* Assets.xcassets */ = {isa = PBXFileReference; lastKnownFileType = folder.assetcatalog; path = Assets.xcassets; sourceTree = "<group>"; };
		546F26C52B71C1C400FED9C1 /* Preview Assets.xcassets */ = {isa = PBXFileReference; lastKnownFileType = folder.assetcatalog; path = "Preview Assets.xcassets"; sourceTree = "<group>"; };
		546F26CB2B71C1C400FED9C1 /* CWC_ChatAppTests.xctest */ = {isa = PBXFileReference; explicitFileType = wrapper.cfbundle; includeInIndex = 0; path = CWC_ChatAppTests.xctest; sourceTree = BUILT_PRODUCTS_DIR; };
		546F26CF2B71C1C400FED9C1 /* CWC_ChatAppTests.swift */ = {isa = PBXFileReference; lastKnownFileType = sourcecode.swift; path = CWC_ChatAppTests.swift; sourceTree = "<group>"; };
		546F26D52B71C1C400FED9C1 /* CWC_ChatAppUITests.xctest */ = {isa = PBXFileReference; explicitFileType = wrapper.cfbundle; includeInIndex = 0; path = CWC_ChatAppUITests.xctest; sourceTree = BUILT_PRODUCTS_DIR; };
		546F26D92B71C1C400FED9C1 /* CWC_ChatAppUITests.swift */ = {isa = PBXFileReference; lastKnownFileType = sourcecode.swift; path = CWC_ChatAppUITests.swift; sourceTree = "<group>"; };
		546F26DB2B71C1C400FED9C1 /* CWC_ChatAppUITestsLaunchTests.swift */ = {isa = PBXFileReference; lastKnownFileType = sourcecode.swift; path = CWC_ChatAppUITestsLaunchTests.swift; sourceTree = "<group>"; };
		546F26F12B71C79900FED9C1 /* CWC-ChatApp-Info.plist */ = {isa = PBXFileReference; lastKnownFileType = text.plist; path = "CWC-ChatApp-Info.plist"; sourceTree = SOURCE_ROOT; };
		546F26F82B71C96D00FED9C1 /* Fonts.swift */ = {isa = PBXFileReference; lastKnownFileType = sourcecode.swift; path = Fonts.swift; sourceTree = "<group>"; };
		546F26FC2B71CC0900FED9C1 /* CustomTabBar.swift */ = {isa = PBXFileReference; lastKnownFileType = sourcecode.swift; path = CustomTabBar.swift; sourceTree = "<group>"; };
		546F26FE2B71D0C700FED9C1 /* CustomTabBarButton.swift */ = {isa = PBXFileReference; lastKnownFileType = sourcecode.swift; path = CustomTabBarButton.swift; sourceTree = "<group>"; };
		546F270D2B71D3FA00FED9C1 /* AppDelegate.swift */ = {isa = PBXFileReference; lastKnownFileType = sourcecode.swift; path = AppDelegate.swift; sourceTree = "<group>"; };
		546F270F2B71D5CD00FED9C1 /* LexendDeca-Bold.ttf */ = {isa = PBXFileReference; lastKnownFileType = file; path = "LexendDeca-Bold.ttf"; sourceTree = "<group>"; };
		546F27102B71D5CD00FED9C1 /* LexendDeca-Regular.ttf */ = {isa = PBXFileReference; lastKnownFileType = file; path = "LexendDeca-Regular.ttf"; sourceTree = "<group>"; };
		546F27112B71D5CD00FED9C1 /* LexendDeca-SemiBold.ttf */ = {isa = PBXFileReference; lastKnownFileType = file; path = "LexendDeca-SemiBold.ttf"; sourceTree = "<group>"; };
		546F27172B71F00300FED9C1 /* GoogleService-Info.plist */ = {isa = PBXFileReference; fileEncoding = 4; lastKnownFileType = text.plist.xml; path = "GoogleService-Info.plist"; sourceTree = "<group>"; };
		546F27192B71F21900FED9C1 /* AuthViewModel.swift */ = {isa = PBXFileReference; lastKnownFileType = sourcecode.swift; path = AuthViewModel.swift; sourceTree = "<group>"; };
		546F271B2B71F3E300FED9C1 /* OnboardingContainerView.swift */ = {isa = PBXFileReference; lastKnownFileType = sourcecode.swift; path = OnboardingContainerView.swift; sourceTree = "<group>"; };
		546F271D2B71F4DE00FED9C1 /* WelcomeView.swift */ = {isa = PBXFileReference; lastKnownFileType = sourcecode.swift; path = WelcomeView.swift; sourceTree = "<group>"; };
		546F27202B71F50000FED9C1 /* PhonenumberView.swift */ = {isa = PBXFileReference; lastKnownFileType = sourcecode.swift; path = PhonenumberView.swift; sourceTree = "<group>"; };
		546F27222B71F50F00FED9C1 /* VerificationView.swift */ = {isa = PBXFileReference; lastKnownFileType = sourcecode.swift; path = VerificationView.swift; sourceTree = "<group>"; };
		546F27242B71F51E00FED9C1 /* CreateProfileView.swift */ = {isa = PBXFileReference; lastKnownFileType = sourcecode.swift; path = CreateProfileView.swift; sourceTree = "<group>"; };
		546F27262B71F52B00FED9C1 /* ContactsView.swift */ = {isa = PBXFileReference; lastKnownFileType = sourcecode.swift; path = ContactsView.swift; sourceTree = "<group>"; };
		546F27282B71F82D00FED9C1 /* OnBoardingButtonStyle.swift */ = {isa = PBXFileReference; lastKnownFileType = sourcecode.swift; path = OnBoardingButtonStyle.swift; sourceTree = "<group>"; };
		546F272A2B71FF7400FED9C1 /* CreateProfileTxtFieldStyle.swift */ = {isa = PBXFileReference; lastKnownFileType = sourcecode.swift; path = CreateProfileTxtFieldStyle.swift; sourceTree = "<group>"; };
		546F272E2B7202B700FED9C1 /* ContactsViewModel.swift */ = {isa = PBXFileReference; lastKnownFileType = sourcecode.swift; path = ContactsViewModel.swift; sourceTree = "<group>"; };
		546F27302B72942800FED9C1 /* User.swift */ = {isa = PBXFileReference; lastKnownFileType = sourcecode.swift; path = User.swift; sourceTree = "<group>"; };
		546F27322B7294E800FED9C1 /* DatabaseService.swift */ = {isa = PBXFileReference; lastKnownFileType = sourcecode.swift; path = DatabaseService.swift; sourceTree = "<group>"; };
		546F27342B7296BD00FED9C1 /* TextHelper.swift */ = {isa = PBXFileReference; lastKnownFileType = sourcecode.swift; path = TextHelper.swift; sourceTree = "<group>"; };
		54710E832B84FB2A0004D6AC /* DateHelper.swift */ = {isa = PBXFileReference; lastKnownFileType = sourcecode.swift; path = DateHelper.swift; sourceTree = "<group>"; };
		54C1C8DE2B9977BF00C7E273 /* ConversationTxtMssg.swift */ = {isa = PBXFileReference; lastKnownFileType = sourcecode.swift; path = ConversationTxtMssg.swift; sourceTree = "<group>"; };
		54C1C8E02B99796C00C7E273 /* ConversationPhotoMssg.swift */ = {isa = PBXFileReference; lastKnownFileType = sourcecode.swift; path = ConversationPhotoMssg.swift; sourceTree = "<group>"; };
/* End PBXFileReference section */

/* Begin PBXFrameworksBuildPhase section */
		546F26B82B71C1C100FED9C1 /* Frameworks */ = {
			isa = PBXFrameworksBuildPhase;
			buildActionMask = 2147483647;
			files = (
				546F27062B71D3B600FED9C1 /* FirebaseAuth in Frameworks */,
				546F270C2B71D3B600FED9C1 /* FirebaseStorage in Frameworks */,
				546F27082B71D3B600FED9C1 /* FirebaseFirestore in Frameworks */,
				546F270A2B71D3B600FED9C1 /* FirebaseFirestoreSwift in Frameworks */,
			);
			runOnlyForDeploymentPostprocessing = 0;
		};
		546F26C82B71C1C400FED9C1 /* Frameworks */ = {
			isa = PBXFrameworksBuildPhase;
			buildActionMask = 2147483647;
			files = (
			);
			runOnlyForDeploymentPostprocessing = 0;
		};
		546F26D22B71C1C400FED9C1 /* Frameworks */ = {
			isa = PBXFrameworksBuildPhase;
			buildActionMask = 2147483647;
			files = (
			);
			runOnlyForDeploymentPostprocessing = 0;
		};
/* End PBXFrameworksBuildPhase section */

/* Begin PBXGroup section */
		5437AAA22B7E7134009C90EE /* Prefabs */ = {
			isa = PBXGroup;
			children = (
				5437AAA32B7E716C009C90EE /* ProfilePicView.swift */,
			);
			path = Prefabs;
			sourceTree = "<group>";
		};
		5452F7022B72F292007611D9 /* ContactsView */ = {
			isa = PBXGroup;
			children = (
				5452F7042B72F2C2007611D9 /* ContactsListView.swift */,
				5452F7082B7302FB007611D9 /* ContactRow.swift */,
			);
			path = ContactsView;
			sourceTree = "<group>";
		};
		5452F7032B72F29B007611D9 /* ChatsView */ = {
			isa = PBXGroup;
			children = (
				5452F7062B72F2D1007611D9 /* ChatsListView.swift */,
				5437AAA02B7E6D92009C90EE /* ConversationView.swift */,
				54072C562B88ECB1000C2013 /* ChatListRow.swift */,
				54C1C8DE2B9977BF00C7E273 /* ConversationTxtMssg.swift */,
				54C1C8E02B99796C00C7E273 /* ConversationPhotoMssg.swift */,
			);
			path = ChatsView;
			sourceTree = "<group>";
		};
		546F26B22B71C1C100FED9C1 = {
			isa = PBXGroup;
			children = (
				546F26BD2B71C1C100FED9C1 /* CWC_ChatApp */,
				546F26CE2B71C1C400FED9C1 /* CWC_ChatAppTests */,
				546F26D82B71C1C400FED9C1 /* CWC_ChatAppUITests */,
				546F26BC2B71C1C100FED9C1 /* Products */,
			);
			sourceTree = "<group>";
		};
		546F26BC2B71C1C100FED9C1 /* Products */ = {
			isa = PBXGroup;
			children = (
				546F26BB2B71C1C100FED9C1 /* CWC_ChatApp.app */,
				546F26CB2B71C1C400FED9C1 /* CWC_ChatAppTests.xctest */,
				546F26D52B71C1C400FED9C1 /* CWC_ChatAppUITests.xctest */,
			);
			name = Products;
			sourceTree = "<group>";
		};
		546F26BD2B71C1C100FED9C1 /* CWC_ChatApp */ = {
			isa = PBXGroup;
			children = (
				5437AAA22B7E7134009C90EE /* Prefabs */,
				546F27172B71F00300FED9C1 /* GoogleService-Info.plist */,
				546F26F12B71C79900FED9C1 /* CWC-ChatApp-Info.plist */,
				546F270D2B71D3FA00FED9C1 /* AppDelegate.swift */,
				546F26BE2B71C1C100FED9C1 /* CWC_ChatAppApp.swift */,
				546F26E82B71C1F100FED9C1 /* Views */,
				546F26E92B71C1F800FED9C1 /* ViewModels */,
				546F26EA2B71C1FF00FED9C1 /* Models */,
				546F26ED2B71C21200FED9C1 /* Helpers */,
				546F26EC2B71C20D00FED9C1 /* Services */,
				546F26EB2B71C20600FED9C1 /* Fonts */,
				546F26C22B71C1C400FED9C1 /* Assets.xcassets */,
				546F26C42B71C1C400FED9C1 /* Preview Content */,
			);
			path = CWC_ChatApp;
			sourceTree = "<group>";
		};
		546F26C42B71C1C400FED9C1 /* Preview Content */ = {
			isa = PBXGroup;
			children = (
				546F26C52B71C1C400FED9C1 /* Preview Assets.xcassets */,
			);
			path = "Preview Content";
			sourceTree = "<group>";
		};
		546F26CE2B71C1C400FED9C1 /* CWC_ChatAppTests */ = {
			isa = PBXGroup;
			children = (
				546F26CF2B71C1C400FED9C1 /* CWC_ChatAppTests.swift */,
			);
			path = CWC_ChatAppTests;
			sourceTree = "<group>";
		};
		546F26D82B71C1C400FED9C1 /* CWC_ChatAppUITests */ = {
			isa = PBXGroup;
			children = (
				546F26D92B71C1C400FED9C1 /* CWC_ChatAppUITests.swift */,
				546F26DB2B71C1C400FED9C1 /* CWC_ChatAppUITestsLaunchTests.swift */,
			);
			path = CWC_ChatAppUITests;
			sourceTree = "<group>";
		};
		546F26E82B71C1F100FED9C1 /* Views */ = {
			isa = PBXGroup;
			children = (
				546F26C02B71C1C100FED9C1 /* ContentView.swift */,
				5452F7032B72F29B007611D9 /* ChatsView */,
				5452F7022B72F292007611D9 /* ContactsView */,
				546F271F2B71F4E800FED9C1 /* Onboarding */,
				546F26FB2B71CBEF00FED9C1 /* CustomTabBar */,
			);
			path = Views;
			sourceTree = "<group>";
		};
		546F26E92B71C1F800FED9C1 /* ViewModels */ = {
			isa = PBXGroup;
			children = (
				546F27192B71F21900FED9C1 /* AuthViewModel.swift */,
				546F272E2B7202B700FED9C1 /* ContactsViewModel.swift */,
				5410AE102B8311B3000B7250 /* ChatViewModel.swift */,
			);
			path = ViewModels;
			sourceTree = "<group>";
		};
		546F26EA2B71C1FF00FED9C1 /* Models */ = {
			isa = PBXGroup;
			children = (
				546F27302B72942800FED9C1 /* User.swift */,
				5410AE0E2B83100E000B7250 /* Chat.swift */,
			);
			path = Models;
			sourceTree = "<group>";
		};
		546F26EB2B71C20600FED9C1 /* Fonts */ = {
			isa = PBXGroup;
			children = (
				546F270F2B71D5CD00FED9C1 /* LexendDeca-Bold.ttf */,
				546F27102B71D5CD00FED9C1 /* LexendDeca-Regular.ttf */,
				546F27112B71D5CD00FED9C1 /* LexendDeca-SemiBold.ttf */,
			);
			path = Fonts;
			sourceTree = "<group>";
		};
		546F26EC2B71C20D00FED9C1 /* Services */ = {
			isa = PBXGroup;
			children = (
				546F27322B7294E800FED9C1 /* DatabaseService.swift */,
				540F11DD2B8CEECE0051731E /* CacheService.swift */,
			);
			path = Services;
			sourceTree = "<group>";
		};
		546F26ED2B71C21200FED9C1 /* Helpers */ = {
			isa = PBXGroup;
			children = (
				546F26F82B71C96D00FED9C1 /* Fonts.swift */,
				546F27282B71F82D00FED9C1 /* OnBoardingButtonStyle.swift */,
				546F272A2B71FF7400FED9C1 /* CreateProfileTxtFieldStyle.swift */,
				546F27342B7296BD00FED9C1 /* TextHelper.swift */,
				5452F7002B729F62007611D9 /* ImagePicker.swift */,
				5410AE0C2B82F08B000B7250 /* RoundCornerExt.swift */,
				54710E832B84FB2A0004D6AC /* DateHelper.swift */,
			);
			path = Helpers;
			sourceTree = "<group>";
		};
		546F26FB2B71CBEF00FED9C1 /* CustomTabBar */ = {
			isa = PBXGroup;
			children = (
				546F26FC2B71CC0900FED9C1 /* CustomTabBar.swift */,
				546F26FE2B71D0C700FED9C1 /* CustomTabBarButton.swift */,
			);
			path = CustomTabBar;
			sourceTree = "<group>";
		};
		546F271F2B71F4E800FED9C1 /* Onboarding */ = {
			isa = PBXGroup;
			children = (
				546F271B2B71F3E300FED9C1 /* OnboardingContainerView.swift */,
				546F271D2B71F4DE00FED9C1 /* WelcomeView.swift */,
				546F27202B71F50000FED9C1 /* PhonenumberView.swift */,
				546F27222B71F50F00FED9C1 /* VerificationView.swift */,
				546F27242B71F51E00FED9C1 /* CreateProfileView.swift */,
				546F27262B71F52B00FED9C1 /* ContactsView.swift */,
			);
			path = Onboarding;
			sourceTree = "<group>";
		};
/* End PBXGroup section */

/* Begin PBXNativeTarget section */
		546F26BA2B71C1C100FED9C1 /* CWC_ChatApp */ = {
			isa = PBXNativeTarget;
			buildConfigurationList = 546F26DF2B71C1C400FED9C1 /* Build configuration list for PBXNativeTarget "CWC_ChatApp" */;
			buildPhases = (
				546F26B72B71C1C100FED9C1 /* Sources */,
				546F26B82B71C1C100FED9C1 /* Frameworks */,
				546F26B92B71C1C100FED9C1 /* Resources */,
			);
			buildRules = (
			);
			dependencies = (
			);
			name = CWC_ChatApp;
			packageProductDependencies = (
				546F27052B71D3B600FED9C1 /* FirebaseAuth */,
				546F27072B71D3B600FED9C1 /* FirebaseFirestore */,
				546F27092B71D3B600FED9C1 /* FirebaseFirestoreSwift */,
				546F270B2B71D3B600FED9C1 /* FirebaseStorage */,
			);
			productName = CWC_ChatApp;
			productReference = 546F26BB2B71C1C100FED9C1 /* CWC_ChatApp.app */;
			productType = "com.apple.product-type.application";
		};
		546F26CA2B71C1C400FED9C1 /* CWC_ChatAppTests */ = {
			isa = PBXNativeTarget;
			buildConfigurationList = 546F26E22B71C1C400FED9C1 /* Build configuration list for PBXNativeTarget "CWC_ChatAppTests" */;
			buildPhases = (
				546F26C72B71C1C400FED9C1 /* Sources */,
				546F26C82B71C1C400FED9C1 /* Frameworks */,
				546F26C92B71C1C400FED9C1 /* Resources */,
			);
			buildRules = (
			);
			dependencies = (
				546F26CD2B71C1C400FED9C1 /* PBXTargetDependency */,
			);
			name = CWC_ChatAppTests;
			productName = CWC_ChatAppTests;
			productReference = 546F26CB2B71C1C400FED9C1 /* CWC_ChatAppTests.xctest */;
			productType = "com.apple.product-type.bundle.unit-test";
		};
		546F26D42B71C1C400FED9C1 /* CWC_ChatAppUITests */ = {
			isa = PBXNativeTarget;
			buildConfigurationList = 546F26E52B71C1C400FED9C1 /* Build configuration list for PBXNativeTarget "CWC_ChatAppUITests" */;
			buildPhases = (
				546F26D12B71C1C400FED9C1 /* Sources */,
				546F26D22B71C1C400FED9C1 /* Frameworks */,
				546F26D32B71C1C400FED9C1 /* Resources */,
			);
			buildRules = (
			);
			dependencies = (
				546F26D72B71C1C400FED9C1 /* PBXTargetDependency */,
			);
			name = CWC_ChatAppUITests;
			productName = CWC_ChatAppUITests;
			productReference = 546F26D52B71C1C400FED9C1 /* CWC_ChatAppUITests.xctest */;
			productType = "com.apple.product-type.bundle.ui-testing";
		};
/* End PBXNativeTarget section */

/* Begin PBXProject section */
		546F26B32B71C1C100FED9C1 /* Project object */ = {
			isa = PBXProject;
			attributes = {
				BuildIndependentTargetsInParallel = 1;
				LastSwiftUpdateCheck = 1520;
				LastUpgradeCheck = 1520;
				TargetAttributes = {
					546F26BA2B71C1C100FED9C1 = {
						CreatedOnToolsVersion = 15.2;
					};
					546F26CA2B71C1C400FED9C1 = {
						CreatedOnToolsVersion = 15.2;
						TestTargetID = 546F26BA2B71C1C100FED9C1;
					};
					546F26D42B71C1C400FED9C1 = {
						CreatedOnToolsVersion = 15.2;
						TestTargetID = 546F26BA2B71C1C100FED9C1;
					};
				};
			};
			buildConfigurationList = 546F26B62B71C1C100FED9C1 /* Build configuration list for PBXProject "CWC_ChatApp" */;
			compatibilityVersion = "Xcode 14.0";
			developmentRegion = en;
			hasScannedForEncodings = 0;
			knownRegions = (
				en,
				Base,
			);
			mainGroup = 546F26B22B71C1C100FED9C1;
			packageReferences = (
				546F27042B71D3B600FED9C1 /* XCRemoteSwiftPackageReference "firebase-ios-sdk" */,
			);
			productRefGroup = 546F26BC2B71C1C100FED9C1 /* Products */;
			projectDirPath = "";
			projectRoot = "";
			targets = (
				546F26BA2B71C1C100FED9C1 /* CWC_ChatApp */,
				546F26CA2B71C1C400FED9C1 /* CWC_ChatAppTests */,
				546F26D42B71C1C400FED9C1 /* CWC_ChatAppUITests */,
			);
		};
/* End PBXProject section */

/* Begin PBXResourcesBuildPhase section */
		546F26B92B71C1C100FED9C1 /* Resources */ = {
			isa = PBXResourcesBuildPhase;
			buildActionMask = 2147483647;
			files = (
				546F27132B71D5CD00FED9C1 /* LexendDeca-Regular.ttf in Resources */,
				546F26C62B71C1C400FED9C1 /* Preview Assets.xcassets in Resources */,
				546F27142B71D5CD00FED9C1 /* LexendDeca-SemiBold.ttf in Resources */,
				546F26C32B71C1C400FED9C1 /* Assets.xcassets in Resources */,
				546F27122B71D5CD00FED9C1 /* LexendDeca-Bold.ttf in Resources */,
				546F27182B71F00300FED9C1 /* GoogleService-Info.plist in Resources */,
			);
			runOnlyForDeploymentPostprocessing = 0;
		};
		546F26C92B71C1C400FED9C1 /* Resources */ = {
			isa = PBXResourcesBuildPhase;
			buildActionMask = 2147483647;
			files = (
			);
			runOnlyForDeploymentPostprocessing = 0;
		};
		546F26D32B71C1C400FED9C1 /* Resources */ = {
			isa = PBXResourcesBuildPhase;
			buildActionMask = 2147483647;
			files = (
			);
			runOnlyForDeploymentPostprocessing = 0;
		};
/* End PBXResourcesBuildPhase section */

/* Begin PBXSourcesBuildPhase section */
		546F26B72B71C1C100FED9C1 /* Sources */ = {
			isa = PBXSourcesBuildPhase;
			buildActionMask = 2147483647;
			files = (
				546F27332B7294E800FED9C1 /* DatabaseService.swift in Sources */,
				546F27292B71F82D00FED9C1 /* OnBoardingButtonStyle.swift in Sources */,
				546F270E2B71D3FA00FED9C1 /* AppDelegate.swift in Sources */,
				54710E842B84FB2A0004D6AC /* DateHelper.swift in Sources */,
				546F271C2B71F3E300FED9C1 /* OnboardingContainerView.swift in Sources */,
				546F27352B7296BD00FED9C1 /* TextHelper.swift in Sources */,
				546F26FF2B71D0C700FED9C1 /* CustomTabBarButton.swift in Sources */,
				546F26FD2B71CC0900FED9C1 /* CustomTabBar.swift in Sources */,
				546F27252B71F51E00FED9C1 /* CreateProfileView.swift in Sources */,
				54C1C8DF2B9977BF00C7E273 /* ConversationTxtMssg.swift in Sources */,
				5452F7072B72F2D1007611D9 /* ChatsListView.swift in Sources */,
				546F271E2B71F4DE00FED9C1 /* WelcomeView.swift in Sources */,
				546F27312B72942800FED9C1 /* User.swift in Sources */,
				540F11DE2B8CEECE0051731E /* CacheService.swift in Sources */,
				54072C572B88ECB1000C2013 /* ChatListRow.swift in Sources */,
				546F272B2B71FF7400FED9C1 /* CreateProfileTxtFieldStyle.swift in Sources */,
				546F271A2B71F21900FED9C1 /* AuthViewModel.swift in Sources */,
				546F26C12B71C1C100FED9C1 /* ContentView.swift in Sources */,
				546F26F92B71C96D00FED9C1 /* Fonts.swift in Sources */,
				546F27232B71F50F00FED9C1 /* VerificationView.swift in Sources */,
				5452F7092B7302FB007611D9 /* ContactRow.swift in Sources */,
				546F27272B71F52B00FED9C1 /* ContactsView.swift in Sources */,
				5452F7052B72F2C2007611D9 /* ContactsListView.swift in Sources */,
				5410AE0D2B82F08B000B7250 /* RoundCornerExt.swift in Sources */,
				546F272F2B7202B700FED9C1 /* ContactsViewModel.swift in Sources */,
				54C1C8E12B99796C00C7E273 /* ConversationPhotoMssg.swift in Sources */,
				5452F7012B729F62007611D9 /* ImagePicker.swift in Sources */,
				5410AE112B8311B3000B7250 /* ChatViewModel.swift in Sources */,
				5410AE0F2B83100E000B7250 /* Chat.swift in Sources */,
				546F27212B71F50000FED9C1 /* PhonenumberView.swift in Sources */,
				546F26BF2B71C1C100FED9C1 /* CWC_ChatAppApp.swift in Sources */,
				5437AAA42B7E716C009C90EE /* ProfilePicView.swift in Sources */,
				5437AAA12B7E6D92009C90EE /* ConversationView.swift in Sources */,
			);
			runOnlyForDeploymentPostprocessing = 0;
		};
		546F26C72B71C1C400FED9C1 /* Sources */ = {
			isa = PBXSourcesBuildPhase;
			buildActionMask = 2147483647;
			files = (
				546F26D02B71C1C400FED9C1 /* CWC_ChatAppTests.swift in Sources */,
			);
			runOnlyForDeploymentPostprocessing = 0;
		};
		546F26D12B71C1C400FED9C1 /* Sources */ = {
			isa = PBXSourcesBuildPhase;
			buildActionMask = 2147483647;
			files = (
				546F26DC2B71C1C400FED9C1 /* CWC_ChatAppUITestsLaunchTests.swift in Sources */,
				546F26DA2B71C1C400FED9C1 /* CWC_ChatAppUITests.swift in Sources */,
			);
			runOnlyForDeploymentPostprocessing = 0;
		};
/* End PBXSourcesBuildPhase section */

/* Begin PBXTargetDependency section */
		546F26CD2B71C1C400FED9C1 /* PBXTargetDependency */ = {
			isa = PBXTargetDependency;
			target = 546F26BA2B71C1C100FED9C1 /* CWC_ChatApp */;
			targetProxy = 546F26CC2B71C1C400FED9C1 /* PBXContainerItemProxy */;
		};
		546F26D72B71C1C400FED9C1 /* PBXTargetDependency */ = {
			isa = PBXTargetDependency;
			target = 546F26BA2B71C1C100FED9C1 /* CWC_ChatApp */;
			targetProxy = 546F26D62B71C1C400FED9C1 /* PBXContainerItemProxy */;
		};
/* End PBXTargetDependency section */

/* Begin XCBuildConfiguration section */
		546F26DD2B71C1C400FED9C1 /* Debug */ = {
			isa = XCBuildConfiguration;
			buildSettings = {
				ALWAYS_SEARCH_USER_PATHS = NO;
				ASSETCATALOG_COMPILER_GENERATE_SWIFT_ASSET_SYMBOL_EXTENSIONS = YES;
				CLANG_ANALYZER_NONNULL = YES;
				CLANG_ANALYZER_NUMBER_OBJECT_CONVERSION = YES_AGGRESSIVE;
				CLANG_CXX_LANGUAGE_STANDARD = "gnu++20";
				CLANG_ENABLE_MODULES = YES;
				CLANG_ENABLE_OBJC_ARC = YES;
				CLANG_ENABLE_OBJC_WEAK = YES;
				CLANG_WARN_BLOCK_CAPTURE_AUTORELEASING = YES;
				CLANG_WARN_BOOL_CONVERSION = YES;
				CLANG_WARN_COMMA = YES;
				CLANG_WARN_CONSTANT_CONVERSION = YES;
				CLANG_WARN_DEPRECATED_OBJC_IMPLEMENTATIONS = YES;
				CLANG_WARN_DIRECT_OBJC_ISA_USAGE = YES_ERROR;
				CLANG_WARN_DOCUMENTATION_COMMENTS = YES;
				CLANG_WARN_EMPTY_BODY = YES;
				CLANG_WARN_ENUM_CONVERSION = YES;
				CLANG_WARN_INFINITE_RECURSION = YES;
				CLANG_WARN_INT_CONVERSION = YES;
				CLANG_WARN_NON_LITERAL_NULL_CONVERSION = YES;
				CLANG_WARN_OBJC_IMPLICIT_RETAIN_SELF = YES;
				CLANG_WARN_OBJC_LITERAL_CONVERSION = YES;
				CLANG_WARN_OBJC_ROOT_CLASS = YES_ERROR;
				CLANG_WARN_QUOTED_INCLUDE_IN_FRAMEWORK_HEADER = YES;
				CLANG_WARN_RANGE_LOOP_ANALYSIS = YES;
				CLANG_WARN_STRICT_PROTOTYPES = YES;
				CLANG_WARN_SUSPICIOUS_MOVE = YES;
				CLANG_WARN_UNGUARDED_AVAILABILITY = YES_AGGRESSIVE;
				CLANG_WARN_UNREACHABLE_CODE = YES;
				CLANG_WARN__DUPLICATE_METHOD_MATCH = YES;
				COPY_PHASE_STRIP = NO;
				DEBUG_INFORMATION_FORMAT = dwarf;
				ENABLE_STRICT_OBJC_MSGSEND = YES;
				ENABLE_TESTABILITY = YES;
				ENABLE_USER_SCRIPT_SANDBOXING = YES;
				GCC_C_LANGUAGE_STANDARD = gnu17;
				GCC_DYNAMIC_NO_PIC = NO;
				GCC_NO_COMMON_BLOCKS = YES;
				GCC_OPTIMIZATION_LEVEL = 0;
				GCC_PREPROCESSOR_DEFINITIONS = (
					"DEBUG=1",
					"$(inherited)",
				);
				GCC_WARN_64_TO_32_BIT_CONVERSION = YES;
				GCC_WARN_ABOUT_RETURN_TYPE = YES_ERROR;
				GCC_WARN_UNDECLARED_SELECTOR = YES;
				GCC_WARN_UNINITIALIZED_AUTOS = YES_AGGRESSIVE;
				GCC_WARN_UNUSED_FUNCTION = YES;
				GCC_WARN_UNUSED_VARIABLE = YES;
				IPHONEOS_DEPLOYMENT_TARGET = 17.2;
				LOCALIZATION_PREFERS_STRING_CATALOGS = YES;
				MTL_ENABLE_DEBUG_INFO = INCLUDE_SOURCE;
				MTL_FAST_MATH = YES;
				ONLY_ACTIVE_ARCH = YES;
				SDKROOT = iphoneos;
				SWIFT_ACTIVE_COMPILATION_CONDITIONS = "DEBUG $(inherited)";
				SWIFT_OPTIMIZATION_LEVEL = "-Onone";
			};
			name = Debug;
		};
		546F26DE2B71C1C400FED9C1 /* Release */ = {
			isa = XCBuildConfiguration;
			buildSettings = {
				ALWAYS_SEARCH_USER_PATHS = NO;
				ASSETCATALOG_COMPILER_GENERATE_SWIFT_ASSET_SYMBOL_EXTENSIONS = YES;
				CLANG_ANALYZER_NONNULL = YES;
				CLANG_ANALYZER_NUMBER_OBJECT_CONVERSION = YES_AGGRESSIVE;
				CLANG_CXX_LANGUAGE_STANDARD = "gnu++20";
				CLANG_ENABLE_MODULES = YES;
				CLANG_ENABLE_OBJC_ARC = YES;
				CLANG_ENABLE_OBJC_WEAK = YES;
				CLANG_WARN_BLOCK_CAPTURE_AUTORELEASING = YES;
				CLANG_WARN_BOOL_CONVERSION = YES;
				CLANG_WARN_COMMA = YES;
				CLANG_WARN_CONSTANT_CONVERSION = YES;
				CLANG_WARN_DEPRECATED_OBJC_IMPLEMENTATIONS = YES;
				CLANG_WARN_DIRECT_OBJC_ISA_USAGE = YES_ERROR;
				CLANG_WARN_DOCUMENTATION_COMMENTS = YES;
				CLANG_WARN_EMPTY_BODY = YES;
				CLANG_WARN_ENUM_CONVERSION = YES;
				CLANG_WARN_INFINITE_RECURSION = YES;
				CLANG_WARN_INT_CONVERSION = YES;
				CLANG_WARN_NON_LITERAL_NULL_CONVERSION = YES;
				CLANG_WARN_OBJC_IMPLICIT_RETAIN_SELF = YES;
				CLANG_WARN_OBJC_LITERAL_CONVERSION = YES;
				CLANG_WARN_OBJC_ROOT_CLASS = YES_ERROR;
				CLANG_WARN_QUOTED_INCLUDE_IN_FRAMEWORK_HEADER = YES;
				CLANG_WARN_RANGE_LOOP_ANALYSIS = YES;
				CLANG_WARN_STRICT_PROTOTYPES = YES;
				CLANG_WARN_SUSPICIOUS_MOVE = YES;
				CLANG_WARN_UNGUARDED_AVAILABILITY = YES_AGGRESSIVE;
				CLANG_WARN_UNREACHABLE_CODE = YES;
				CLANG_WARN__DUPLICATE_METHOD_MATCH = YES;
				COPY_PHASE_STRIP = NO;
				DEBUG_INFORMATION_FORMAT = "dwarf-with-dsym";
				ENABLE_NS_ASSERTIONS = NO;
				ENABLE_STRICT_OBJC_MSGSEND = YES;
				ENABLE_USER_SCRIPT_SANDBOXING = YES;
				GCC_C_LANGUAGE_STANDARD = gnu17;
				GCC_NO_COMMON_BLOCKS = YES;
				GCC_WARN_64_TO_32_BIT_CONVERSION = YES;
				GCC_WARN_ABOUT_RETURN_TYPE = YES_ERROR;
				GCC_WARN_UNDECLARED_SELECTOR = YES;
				GCC_WARN_UNINITIALIZED_AUTOS = YES_AGGRESSIVE;
				GCC_WARN_UNUSED_FUNCTION = YES;
				GCC_WARN_UNUSED_VARIABLE = YES;
				IPHONEOS_DEPLOYMENT_TARGET = 17.2;
				LOCALIZATION_PREFERS_STRING_CATALOGS = YES;
				MTL_ENABLE_DEBUG_INFO = NO;
				MTL_FAST_MATH = YES;
				SDKROOT = iphoneos;
				SWIFT_COMPILATION_MODE = wholemodule;
				VALIDATE_PRODUCT = YES;
			};
			name = Release;
		};
		546F26E02B71C1C400FED9C1 /* Debug */ = {
			isa = XCBuildConfiguration;
			buildSettings = {
				ASSETCATALOG_COMPILER_APPICON_NAME = AppIcon;
				ASSETCATALOG_COMPILER_GLOBAL_ACCENT_COLOR_NAME = AccentColor;
				CODE_SIGN_STYLE = Automatic;
				CURRENT_PROJECT_VERSION = 1;
				DEVELOPMENT_ASSET_PATHS = "\"CWC_ChatApp/Preview Content\"";
				DEVELOPMENT_TEAM = KFFF9Z9V8N;
				ENABLE_PREVIEWS = YES;
				GENERATE_INFOPLIST_FILE = YES;
				INFOPLIST_FILE = "CWC-ChatApp-Info.plist";
				INFOPLIST_KEY_UIApplicationSceneManifest_Generation = YES;
				INFOPLIST_KEY_UIApplicationSupportsIndirectInputEvents = YES;
				INFOPLIST_KEY_UILaunchScreen_Generation = YES;
				INFOPLIST_KEY_UISupportedInterfaceOrientations_iPad = "UIInterfaceOrientationPortrait UIInterfaceOrientationPortraitUpsideDown UIInterfaceOrientationLandscapeLeft UIInterfaceOrientationLandscapeRight";
				INFOPLIST_KEY_UISupportedInterfaceOrientations_iPhone = "UIInterfaceOrientationPortrait UIInterfaceOrientationLandscapeLeft UIInterfaceOrientationLandscapeRight";
				LD_RUNPATH_SEARCH_PATHS = (
					"$(inherited)",
					"@executable_path/Frameworks",
				);
				MARKETING_VERSION = 1.0;
				PRODUCT_BUNDLE_IDENTIFIER = "edu.stanford.cs193p.student.CWC-ChatApp";
				PRODUCT_NAME = "$(TARGET_NAME)";
				SWIFT_EMIT_LOC_STRINGS = YES;
				SWIFT_VERSION = 5.0;
				TARGETED_DEVICE_FAMILY = "1,2";
			};
			name = Debug;
		};
		546F26E12B71C1C400FED9C1 /* Release */ = {
			isa = XCBuildConfiguration;
			buildSettings = {
				ASSETCATALOG_COMPILER_APPICON_NAME = AppIcon;
				ASSETCATALOG_COMPILER_GLOBAL_ACCENT_COLOR_NAME = AccentColor;
				CODE_SIGN_STYLE = Automatic;
				CURRENT_PROJECT_VERSION = 1;
				DEVELOPMENT_ASSET_PATHS = "\"CWC_ChatApp/Preview Content\"";
				DEVELOPMENT_TEAM = KFFF9Z9V8N;
				ENABLE_PREVIEWS = YES;
				GENERATE_INFOPLIST_FILE = YES;
				INFOPLIST_FILE = "CWC-ChatApp-Info.plist";
				INFOPLIST_KEY_UIApplicationSceneManifest_Generation = YES;
				INFOPLIST_KEY_UIApplicationSupportsIndirectInputEvents = YES;
				INFOPLIST_KEY_UILaunchScreen_Generation = YES;
				INFOPLIST_KEY_UISupportedInterfaceOrientations_iPad = "UIInterfaceOrientationPortrait UIInterfaceOrientationPortraitUpsideDown UIInterfaceOrientationLandscapeLeft UIInterfaceOrientationLandscapeRight";
				INFOPLIST_KEY_UISupportedInterfaceOrientations_iPhone = "UIInterfaceOrientationPortrait UIInterfaceOrientationLandscapeLeft UIInterfaceOrientationLandscapeRight";
				LD_RUNPATH_SEARCH_PATHS = (
					"$(inherited)",
					"@executable_path/Frameworks",
				);
				MARKETING_VERSION = 1.0;
				PRODUCT_BUNDLE_IDENTIFIER = "edu.stanford.cs193p.student.CWC-ChatApp";
				PRODUCT_NAME = "$(TARGET_NAME)";
				SWIFT_EMIT_LOC_STRINGS = YES;
				SWIFT_VERSION = 5.0;
				TARGETED_DEVICE_FAMILY = "1,2";
			};
			name = Release;
		};
		546F26E32B71C1C400FED9C1 /* Debug */ = {
			isa = XCBuildConfiguration;
			buildSettings = {
				ALWAYS_EMBED_SWIFT_STANDARD_LIBRARIES = YES;
				BUNDLE_LOADER = "$(TEST_HOST)";
				CODE_SIGN_STYLE = Automatic;
				CURRENT_PROJECT_VERSION = 1;
				DEVELOPMENT_TEAM = KFFF9Z9V8N;
				GENERATE_INFOPLIST_FILE = YES;
				IPHONEOS_DEPLOYMENT_TARGET = 17.2;
				MARKETING_VERSION = 1.0;
				PRODUCT_BUNDLE_IDENTIFIER = "edu.stanford.cs193p.student.CWC-ChatAppTests";
				PRODUCT_NAME = "$(TARGET_NAME)";
				SWIFT_EMIT_LOC_STRINGS = NO;
				SWIFT_VERSION = 5.0;
				TARGETED_DEVICE_FAMILY = "1,2";
				TEST_HOST = "$(BUILT_PRODUCTS_DIR)/CWC_ChatApp.app/$(BUNDLE_EXECUTABLE_FOLDER_PATH)/CWC_ChatApp";
			};
			name = Debug;
		};
		546F26E42B71C1C400FED9C1 /* Release */ = {
			isa = XCBuildConfiguration;
			buildSettings = {
				ALWAYS_EMBED_SWIFT_STANDARD_LIBRARIES = YES;
				BUNDLE_LOADER = "$(TEST_HOST)";
				CODE_SIGN_STYLE = Automatic;
				CURRENT_PROJECT_VERSION = 1;
				DEVELOPMENT_TEAM = KFFF9Z9V8N;
				GENERATE_INFOPLIST_FILE = YES;
				IPHONEOS_DEPLOYMENT_TARGET = 17.2;
				MARKETING_VERSION = 1.0;
				PRODUCT_BUNDLE_IDENTIFIER = "edu.stanford.cs193p.student.CWC-ChatAppTests";
				PRODUCT_NAME = "$(TARGET_NAME)";
				SWIFT_EMIT_LOC_STRINGS = NO;
				SWIFT_VERSION = 5.0;
				TARGETED_DEVICE_FAMILY = "1,2";
				TEST_HOST = "$(BUILT_PRODUCTS_DIR)/CWC_ChatApp.app/$(BUNDLE_EXECUTABLE_FOLDER_PATH)/CWC_ChatApp";
			};
			name = Release;
		};
		546F26E62B71C1C400FED9C1 /* Debug */ = {
			isa = XCBuildConfiguration;
			buildSettings = {
				ALWAYS_EMBED_SWIFT_STANDARD_LIBRARIES = YES;
				CODE_SIGN_STYLE = Automatic;
				CURRENT_PROJECT_VERSION = 1;
				DEVELOPMENT_TEAM = KFFF9Z9V8N;
				GENERATE_INFOPLIST_FILE = YES;
				MARKETING_VERSION = 1.0;
				PRODUCT_BUNDLE_IDENTIFIER = "edu.stanford.cs193p.student.CWC-ChatAppUITests";
				PRODUCT_NAME = "$(TARGET_NAME)";
				SWIFT_EMIT_LOC_STRINGS = NO;
				SWIFT_VERSION = 5.0;
				TARGETED_DEVICE_FAMILY = "1,2";
				TEST_TARGET_NAME = CWC_ChatApp;
			};
			name = Debug;
		};
		546F26E72B71C1C400FED9C1 /* Release */ = {
			isa = XCBuildConfiguration;
			buildSettings = {
				ALWAYS_EMBED_SWIFT_STANDARD_LIBRARIES = YES;
				CODE_SIGN_STYLE = Automatic;
				CURRENT_PROJECT_VERSION = 1;
				DEVELOPMENT_TEAM = KFFF9Z9V8N;
				GENERATE_INFOPLIST_FILE = YES;
				MARKETING_VERSION = 1.0;
				PRODUCT_BUNDLE_IDENTIFIER = "edu.stanford.cs193p.student.CWC-ChatAppUITests";
				PRODUCT_NAME = "$(TARGET_NAME)";
				SWIFT_EMIT_LOC_STRINGS = NO;
				SWIFT_VERSION = 5.0;
				TARGETED_DEVICE_FAMILY = "1,2";
				TEST_TARGET_NAME = CWC_ChatApp;
			};
			name = Release;
		};
/* End XCBuildConfiguration section */

/* Begin XCConfigurationList section */
		546F26B62B71C1C100FED9C1 /* Build configuration list for PBXProject "CWC_ChatApp" */ = {
			isa = XCConfigurationList;
			buildConfigurations = (
				546F26DD2B71C1C400FED9C1 /* Debug */,
				546F26DE2B71C1C400FED9C1 /* Release */,
			);
			defaultConfigurationIsVisible = 0;
			defaultConfigurationName = Release;
		};
		546F26DF2B71C1C400FED9C1 /* Build configuration list for PBXNativeTarget "CWC_ChatApp" */ = {
			isa = XCConfigurationList;
			buildConfigurations = (
				546F26E02B71C1C400FED9C1 /* Debug */,
				546F26E12B71C1C400FED9C1 /* Release */,
			);
			defaultConfigurationIsVisible = 0;
			defaultConfigurationName = Release;
		};
		546F26E22B71C1C400FED9C1 /* Build configuration list for PBXNativeTarget "CWC_ChatAppTests" */ = {
			isa = XCConfigurationList;
			buildConfigurations = (
				546F26E32B71C1C400FED9C1 /* Debug */,
				546F26E42B71C1C400FED9C1 /* Release */,
			);
			defaultConfigurationIsVisible = 0;
			defaultConfigurationName = Release;
		};
		546F26E52B71C1C400FED9C1 /* Build configuration list for PBXNativeTarget "CWC_ChatAppUITests" */ = {
			isa = XCConfigurationList;
			buildConfigurations = (
				546F26E62B71C1C400FED9C1 /* Debug */,
				546F26E72B71C1C400FED9C1 /* Release */,
			);
			defaultConfigurationIsVisible = 0;
			defaultConfigurationName = Release;
		};
/* End XCConfigurationList section */

/* Begin XCRemoteSwiftPackageReference section */
		546F27042B71D3B600FED9C1 /* XCRemoteSwiftPackageReference "firebase-ios-sdk" */ = {
			isa = XCRemoteSwiftPackageReference;
			repositoryURL = "https://github.com/firebase/firebase-ios-sdk";
			requirement = {
				kind = upToNextMajorVersion;
				minimumVersion = 10.20.0;
			};
		};
/* End XCRemoteSwiftPackageReference section */

/* Begin XCSwiftPackageProductDependency section */
		546F27052B71D3B600FED9C1 /* FirebaseAuth */ = {
			isa = XCSwiftPackageProductDependency;
			package = 546F27042B71D3B600FED9C1 /* XCRemoteSwiftPackageReference "firebase-ios-sdk" */;
			productName = FirebaseAuth;
		};
		546F27072B71D3B600FED9C1 /* FirebaseFirestore */ = {
			isa = XCSwiftPackageProductDependency;
			package = 546F27042B71D3B600FED9C1 /* XCRemoteSwiftPackageReference "firebase-ios-sdk" */;
			productName = FirebaseFirestore;
		};
		546F27092B71D3B600FED9C1 /* FirebaseFirestoreSwift */ = {
			isa = XCSwiftPackageProductDependency;
			package = 546F27042B71D3B600FED9C1 /* XCRemoteSwiftPackageReference "firebase-ios-sdk" */;
			productName = FirebaseFirestoreSwift;
		};
		546F270B2B71D3B600FED9C1 /* FirebaseStorage */ = {
			isa = XCSwiftPackageProductDependency;
			package = 546F27042B71D3B600FED9C1 /* XCRemoteSwiftPackageReference "firebase-ios-sdk" */;
			productName = FirebaseStorage;
		};
/* End XCSwiftPackageProductDependency section */
	};
	rootObject = 546F26B32B71C1C100FED9C1 /* Project object */;
}
